PODS:
  - AdBrixRemastered_XC (1.6.5803)
  - adbrixrm_flutter (1.4.0):
    - AdBrixRemastered_XC
    - Flutter
  - Flutter (1.0.0)

DEPENDENCIES:
  - adbrixrm_flutter (from `.symlinks/plugins/adbrixrm_flutter/ios`)
  - Flutter (from `Flutter`)

SPEC REPOS:
  trunk:
    - AdBrixRemastered_XC

EXTERNAL SOURCES:
  adbrixrm_flutter:
    :path: ".symlinks/plugins/adbrixrm_flutter/ios"
  Flutter:
    :path: Flutter

SPEC CHECKSUMS:
  AdBrixRemastered_XC: f239fd74433a28f69a51fb731556e35a843d1f27
  adbrixrm_flutter: 9a8b8b79471ca7ae9f3a55fa75842b260bbef560
  Flutter: 434fef37c0980e73bb6479ef766c45957d4b510c

PODFILE CHECKSUM: aafe91acc616949ddb318b77800a7f51bffa2a4c

COCOAPODS: 1.10.1
