PODS:
  - adbrixrm_flutter (1.5.0):
    - AdBrixRmKit
    - Flutter
  - AdBrixRmKit (2.0.0.1)
  - Flutter (1.0.0)

DEPENDENCIES:
  - adbrixrm_flutter (from `.symlinks/plugins/adbrixrm_flutter/ios`)
  - Flutter (from `Flutter`)

SPEC REPOS:
  trunk:
    - AdBrixRmKit

EXTERNAL SOURCES:
  adbrixrm_flutter:
    :path: ".symlinks/plugins/adbrixrm_flutter/ios"
  Flutter:
    :path: Flutter

SPEC CHECKSUMS:
  adbrixrm_flutter: facc26fa8d04324a58020a0209d1340e1863d0e7
  AdBrixRmKit: f8dbdb6d8cbac396f69fcbd52a03ac8ada96e505
  Flutter: 50d75fe2f02b26cc09d224853bb45737f8b3214a

PODFILE CHECKSUM: aafe91acc616949ddb318b77800a7f51bffa2a4c

COCOAPODS: 1.11.2
